// !$*UTF8*$!
{
	archiveVersion = 1;
	classes = {
	};
	objectVersion = 50;
	objects = {

/* Begin PBXBuildFile section */
		C7029E8A2269D4610074E6DA /* UIView+ImaginaryLine.m in Sources */ = {isa = PBXBuildFile; fileRef = C7029E882269D4600074E6DA /* UIView+ImaginaryLine.m */; };
		C7B07128225EE5DB0077D540 /* AppDelegate.m in Sources */ = {isa = PBXBuildFile; fileRef = C7B07127225EE5DB0077D540 /* AppDelegate.m */; };
		C7B0712B225EE5DB0077D540 /* ViewController.m in Sources */ = {isa = PBXBuildFile; fileRef = C7B0712A225EE5DB0077D540 /* ViewController.m */; };
		C7B0712E225EE5DB0077D540 /* Main.storyboard in Resources */ = {isa = PBXBuildFile; fileRef = C7B0712C225EE5DB0077D540 /* Main.storyboard */; };
		C7B07130225EE5DC0077D540 /* Assets.xcassets in Resources */ = {isa = PBXBuildFile; fileRef = C7B0712F225EE5DC0077D540 /* Assets.xcassets */; };
		C7B07133225EE5DC0077D540 /* LaunchScreen.storyboard in Resources */ = {isa = PBXBuildFile; fileRef = C7B07131225EE5DC0077D540 /* LaunchScreen.storyboard */; };
		C7B07136225EE5DC0077D540 /* main.m in Sources */ = {isa = PBXBuildFile; fileRef = C7B07135225EE5DC0077D540 /* main.m */; };
		C7B07140225EE5DC0077D540 /* LineDemoTests.m in Sources */ = {isa = PBXBuildFile; fileRef = C7B0713F225EE5DC0077D540 /* LineDemoTests.m */; };
		C7B0714B225EE5DD0077D540 /* LineDemoUITests.m in Sources */ = {isa = PBXBuildFile; fileRef = C7B0714A225EE5DD0077D540 /* LineDemoUITests.m */; };
/* End PBXBuildFile section */

/* Begin PBXContainerItemProxy section */
		C7B0713C225EE5DC0077D540 /* PBXContainerItemProxy */ = {
			isa = PBXContainerItemProxy;
			containerPortal = C7B0711B225EE5DB0077D540 /* Project object */;
			proxyType = 1;
			remoteGlobalIDString = C7B07122225EE5DB0077D540;
			remoteInfo = LineDemo;
		};
		C7B07147225EE5DD0077D540 /* PBXContainerItemProxy */ = {
			isa = PBXContainerItemProxy;
			containerPortal = C7B0711B225EE5DB0077D540 /* Project object */;
			proxyType = 1;
			remoteGlobalIDString = C7B07122225EE5DB0077D540;
			remoteInfo = LineDemo;
		};
/* End PBXContainerItemProxy section */

/* Begin PBXFileReference section */
		C7029E882269D4600074E6DA /* UIView+ImaginaryLine.m */ = {isa = PBXFileReference; fileEncoding = 4; lastKnownFileType = sourcecode.c.objc; path = "UIView+ImaginaryLine.m"; sourceTree = "<group>"; };
		C7029E892269D4600074E6DA /* UIView+ImaginaryLine.h */ = {isa = PBXFileReference; fileEncoding = 4; lastKnownFileType = sourcecode.c.h; path = "UIView+ImaginaryLine.h"; sourceTree = "<group>"; };
		C7B07123225EE5DB0077D540 /* LineDemo.app */ = {isa = PBXFileReference; explicitFileType = wrapper.application; includeInIndex = 0; path = LineDemo.app; sourceTree = BUILT_PRODUCTS_DIR; };
		C7B07126225EE5DB0077D540 /* AppDelegate.h */ = {isa = PBXFileReference; lastKnownFileType = sourcecode.c.h; path = AppDelegate.h; sourceTree = "<group>"; };
		C7B07127225EE5DB0077D540 /* AppDelegate.m */ = {isa = PBXFileReference; lastKnownFileType = sourcecode.c.objc; path = AppDelegate.m; sourceTree = "<group>"; };
		C7B07129225EE5DB0077D540 /* ViewController.h */ = {isa = PBXFileReference; lastKnownFileType = sourcecode.c.h; path = ViewController.h; sourceTree = "<group>"; };
		C7B0712A225EE5DB0077D540 /* ViewController.m */ = {isa = PBXFileReference; lastKnownFileType = sourcecode.c.objc; path = ViewController.m; sourceTree = "<group>"; };
		C7B0712D225EE5DB0077D540 /* Base */ = {isa = PBXFileReference; lastKnownFileType = file.storyboard; name = Base; path = Base.lproj/Main.storyboard; sourceTree = "<group>"; };
		C7B0712F225EE5DC0077D540 /* Assets.xcassets */ = {isa = PBXFileReference; lastKnownFileType = folder.assetcatalog; path = Assets.xcassets; sourceTree = "<group>"; };
		C7B07132225EE5DC0077D540 /* Base */ = {isa = PBXFileReference; lastKnownFileType = file.storyboard; name = Base; path = Base.lproj/LaunchScreen.storyboard; sourceTree = "<group>"; };
		C7B07134225EE5DC0077D540 /* Info.plist */ = {isa = PBXFileReference; lastKnownFileType = text.plist.xml; path = Info.plist; sourceTree = "<group>"; };
		C7B07135225EE5DC0077D540 /* main.m */ = {isa = PBXFileReference; lastKnownFileType = sourcecode.c.objc; path = main.m; sourceTree = "<group>"; };
		C7B0713B225EE5DC0077D540 /* LineDemoTests.xctest */ = {isa = PBXFileReference; explicitFileType = wrapper.cfbundle; includeInIndex = 0; path = LineDemoTests.xctest; sourceTree = BUILT_PRODUCTS_DIR; };
		C7B0713F225EE5DC0077D540 /* LineDemoTests.m */ = {isa = PBXFileReference; lastKnownFileType = sourcecode.c.objc; path = LineDemoTests.m; sourceTree = "<group>"; };
		C7B07141225EE5DC0077D540 /* Info.plist */ = {isa = PBXFileReference; lastKnownFileType = text.plist.xml; path = Info.plist; sourceTree = "<group>"; };
		C7B07146225EE5DC0077D540 /* LineDemoUITests.xctest */ = {isa = PBXFileReference; explicitFileType = wrapper.cfbundle; includeInIndex = 0; path = LineDemoUITests.xctest; sourceTree = BUILT_PRODUCTS_DIR; };
		C7B0714A225EE5DD0077D540 /* LineDemoUITests.m */ = {isa = PBXFileReference; lastKnownFileType = sourcecode.c.objc; path = LineDemoUITests.m; sourceTree = "<group>"; };
		C7B0714C225EE5DD0077D540 /* Info.plist */ = {isa = PBXFileReference; lastKnownFileType = text.plist.xml; path = Info.plist; sourceTree = "<group>"; };
/* End PBXFileReference section */

/* Begin PBXFrameworksBuildPhase section */
		C7B07120225EE5DB0077D540 /* Frameworks */ = {
			isa = PBXFrameworksBuildPhase;
			buildActionMask = 2147483647;
			files = (
			);
			runOnlyForDeploymentPostprocessing = 0;
		};
		C7B07138225EE5DC0077D540 /* Frameworks */ = {
			isa = PBXFrameworksBuildPhase;
			buildActionMask = 2147483647;
			files = (
			);
			runOnlyForDeploymentPostprocessing = 0;
		};
		C7B07143225EE5DC0077D540 /* Frameworks */ = {
			isa = PBXFrameworksBuildPhase;
			buildActionMask = 2147483647;
			files = (
			);
			runOnlyForDeploymentPostprocessing = 0;
		};
/* End PBXFrameworksBuildPhase section */

/* Begin PBXGroup section */
		C7B0711A225EE5DB0077D540 = {
			isa = PBXGroup;
			children = (
				C7B07125225EE5DB0077D540 /* LineDemo */,
				C7B0713E225EE5DC0077D540 /* LineDemoTests */,
				C7B07149225EE5DD0077D540 /* LineDemoUITests */,
				C7B07124225EE5DB0077D540 /* Products */,
			);
			sourceTree = "<group>";
		};
		C7B07124225EE5DB0077D540 /* Products */ = {
			isa = PBXGroup;
			children = (
				C7B07123225EE5DB0077D540 /* LineDemo.app */,
				C7B0713B225EE5DC0077D540 /* LineDemoTests.xctest */,
				C7B07146225EE5DC0077D540 /* LineDemoUITests.xctest */,
			);
			name = Products;
			sourceTree = "<group>";
		};
		C7B07125225EE5DB0077D540 /* LineDemo */ = {
			isa = PBXGroup;
			children = (
				C7B07126225EE5DB0077D540 /* AppDelegate.h */,
				C7B07127225EE5DB0077D540 /* AppDelegate.m */,
				C7B07129225EE5DB0077D540 /* ViewController.h */,
				C7B0712A225EE5DB0077D540 /* ViewController.m */,
				C7029E892269D4600074E6DA /* UIView+ImaginaryLine.h */,
				C7029E882269D4600074E6DA /* UIView+ImaginaryLine.m */,
				C7B0712C225EE5DB0077D540 /* Main.storyboard */,
				C7B0712F225EE5DC0077D540 /* Assets.xcassets */,
				C7B07131225EE5DC0077D540 /* LaunchScreen.storyboard */,
				C7B07134225EE5DC0077D540 /* Info.plist */,
				C7B07135225EE5DC0077D540 /* main.m */,
			);
			path = LineDemo;
			sourceTree = "<group>";
		};
		C7B0713E225EE5DC0077D540 /* LineDemoTests */ = {
			isa = PBXGroup;
			children = (
				C7B0713F225EE5DC0077D540 /* LineDemoTests.m */,
				C7B07141225EE5DC0077D540 /* Info.plist */,
			);
			path = LineDemoTests;
			sourceTree = "<group>";
		};
		C7B07149225EE5DD0077D540 /* LineDemoUITests */ = {
			isa = PBXGroup;
			children = (
				C7B0714A225EE5DD0077D540 /* LineDemoUITests.m */,
				C7B0714C225EE5DD0077D540 /* Info.plist */,
			);
			path = LineDemoUITests;
			sourceTree = "<group>";
		};
/* End PBXGroup section */

/* Begin PBXNativeTarget section */
		C7B07122225EE5DB0077D540 /* LineDemo */ = {
			isa = PBXNativeTarget;
			buildConfigurationList = C7B0714F225EE5DD0077D540 /* Build configuration list for PBXNativeTarget "LineDemo" */;
			buildPhases = (
				C7B0711F225EE5DB0077D540 /* Sources */,
				C7B07120225EE5DB0077D540 /* Frameworks */,
				C7B07121225EE5DB0077D540 /* Resources */,
			);
			buildRules = (
			);
			dependencies = (
			);
			name = LineDemo;
			productName = LineDemo;
			productReference = C7B07123225EE5DB0077D540 /* LineDemo.app */;
			productType = "com.apple.product-type.application";
		};
		C7B0713A225EE5DC0077D540 /* LineDemoTests */ = {
			isa = PBXNativeTarget;
			buildConfigurationList = C7B07152225EE5DD0077D540 /* Build configuration list for PBXNativeTarget "LineDemoTests" */;
			buildPhases = (
				C7B07137225EE5DC0077D540 /* Sources */,
				C7B07138225EE5DC0077D540 /* Frameworks */,
				C7B07139225EE5DC0077D540 /* Resources */,
			);
			buildRules = (
			);
			dependencies = (
				C7B0713D225EE5DC0077D540 /* PBXTargetDependency */,
			);
			name = LineDemoTests;
			productName = LineDemoTests;
			productReference = C7B0713B225EE5DC0077D540 /* LineDemoTests.xctest */;
			productType = "com.apple.product-type.bundle.unit-test";
		};
		C7B07145225EE5DC0077D540 /* LineDemoUITests */ = {
			isa = PBXNativeTarget;
			buildConfigurationList = C7B07155225EE5DD0077D540 /* Build configuration list for PBXNativeTarget "LineDemoUITests" */;
			buildPhases = (
				C7B07142225EE5DC0077D540 /* Sources */,
				C7B07143225EE5DC0077D540 /* Frameworks */,
				C7B07144225EE5DC0077D540 /* Resources */,
			);
			buildRules = (
			);
			dependencies = (
				C7B07148225EE5DD0077D540 /* PBXTargetDependency */,
			);
			name = LineDemoUITests;
			productName = LineDemoUITests;
			productReference = C7B07146225EE5DC0077D540 /* LineDemoUITests.xctest */;
			productType = "com.apple.product-type.bundle.ui-testing";
		};
/* End PBXNativeTarget section */

/* Begin PBXProject section */
		C7B0711B225EE5DB0077D540 /* Project object */ = {
			isa = PBXProject;
			attributes = {
				LastUpgradeCheck = 1010;
				ORGANIZATIONNAME = "王泽龙";
				TargetAttributes = {
					C7B07122225EE5DB0077D540 = {
						CreatedOnToolsVersion = 10.1;
					};
					C7B0713A225EE5DC0077D540 = {
						CreatedOnToolsVersion = 10.1;
						TestTargetID = C7B07122225EE5DB0077D540;
					};
					C7B07145225EE5DC0077D540 = {
						CreatedOnToolsVersion = 10.1;
						TestTargetID = C7B07122225EE5DB0077D540;
					};
				};
			};
			buildConfigurationList = C7B0711E225EE5DB0077D540 /* Build configuration list for PBXProject "LineDemo" */;
			compatibilityVersion = "Xcode 9.3";
			developmentRegion = en;
			hasScannedForEncodings = 0;
			knownRegions = (
				en,
				Base,
			);
			mainGroup = C7B0711A225EE5DB0077D540;
			productRefGroup = C7B07124225EE5DB0077D540 /* Products */;
			projectDirPath = "";
			projectRoot = "";
			targets = (
				C7B07122225EE5DB0077D540 /* LineDemo */,
				C7B0713A225EE5DC0077D540 /* LineDemoTests */,
				C7B07145225EE5DC0077D540 /* LineDemoUITests */,
			);
		};
/* End PBXProject section */

/* Begin PBXResourcesBuildPhase section */
		C7B07121225EE5DB0077D540 /* Resources */ = {
			isa = PBXResourcesBuildPhase;
			buildActionMask = 2147483647;
			files = (
				C7B07133225EE5DC0077D540 /* LaunchScreen.storyboard in Resources */,
				C7B07130225EE5DC0077D540 /* Assets.xcassets in Resources */,
				C7B0712E225EE5DB0077D540 /* Main.storyboard in Resources */,
			);
			runOnlyForDeploymentPostprocessing = 0;
		};
		C7B07139225EE5DC0077D540 /* Resources */ = {
			isa = PBXResourcesBuildPhase;
			buildActionMask = 2147483647;
			files = (
			);
			runOnlyForDeploymentPostprocessing = 0;
		};
		C7B07144225EE5DC0077D540 /* Resources */ = {
			isa = PBXResourcesBuildPhase;
			buildActionMask = 2147483647;
			files = (
			);
			runOnlyForDeploymentPostprocessing = 0;
		};
/* End PBXResourcesBuildPhase section */

/* Begin PBXSourcesBuildPhase section */
		C7B0711F225EE5DB0077D540 /* Sources */ = {
			isa = PBXSourcesBuildPhase;
			buildActionMask = 2147483647;
			files = (
				C7B0712B225EE5DB0077D540 /* ViewController.m in Sources */,
				C7B07136225EE5DC0077D540 /* main.m in Sources */,
				C7029E8A2269D4610074E6DA /* UIView+ImaginaryLine.m in Sources */,
				C7B07128225EE5DB0077D540 /* AppDelegate.m in Sources */,
			);
			runOnlyForDeploymentPostprocessing = 0;
		};
		C7B07137225EE5DC0077D540 /* Sources */ = {
			isa = PBXSourcesBuildPhase;
			buildActionMask = 2147483647;
			files = (
				C7B07140225EE5DC0077D540 /* LineDemoTests.m in Sources */,
			);
			runOnlyForDeploymentPostprocessing = 0;
		};
		C7B07142225EE5DC0077D540 /* Sources */ = {
			isa = PBXSourcesBuildPhase;
			buildActionMask = 2147483647;
			files = (
				C7B0714B225EE5DD0077D540 /* LineDemoUITests.m in Sources */,
			);
			runOnlyForDeploymentPostprocessing = 0;
		};
/* End PBXSourcesBuildPhase section */

/* Begin PBXTargetDependency section */
		C7B0713D225EE5DC0077D540 /* PBXTargetDependency */ = {
			isa = PBXTargetDependency;
			target = C7B07122225EE5DB0077D540 /* LineDemo */;
			targetProxy = C7B0713C225EE5DC0077D540 /* PBXContainerItemProxy */;
		};
		C7B07148225EE5DD0077D540 /* PBXTargetDependency */ = {
			isa = PBXTargetDependency;
			target = C7B07122225EE5DB0077D540 /* LineDemo */;
			targetProxy = C7B07147225EE5DD0077D540 /* PBXContainerItemProxy */;
		};
/* End PBXTargetDependency section */

/* Begin PBXVariantGroup section */
		C7B0712C225EE5DB0077D540 /* Main.storyboard */ = {
			isa = PBXVariantGroup;
			children = (
				C7B0712D225EE5DB0077D540 /* Base */,
			);
			name = Main.storyboard;
			sourceTree = "<group>";
		};
		C7B07131225EE5DC0077D540 /* LaunchScreen.storyboard */ = {
			isa = PBXVariantGroup;
			children = (
				C7B07132225EE5DC0077D540 /* Base */,
			);
			name = LaunchScreen.storyboard;
			sourceTree = "<group>";
		};
/* End PBXVariantGroup section */

/* Begin XCBuildConfiguration section */
		C7B0714D225EE5DD0077D540 /* Debug */ = {
			isa = XCBuildConfiguration;
			buildSettings = {
				ALWAYS_SEARCH_USER_PATHS = NO;
				CLANG_ANALYZER_NONNULL = YES;
				CLANG_ANALYZER_NUMBER_OBJECT_CONVERSION = YES_AGGRESSIVE;
				CLANG_CXX_LANGUAGE_STANDARD = "gnu++14";
				CLANG_CXX_LIBRARY = "libc++";
				CLANG_ENABLE_MODULES = YES;
				CLANG_ENABLE_OBJC_ARC = YES;
				CLANG_ENABLE_OBJC_WEAK = YES;
				CLANG_WARN_BLOCK_CAPTURE_AUTORELEASING = YES;
				CLANG_WARN_BOOL_CONVERSION = YES;
				CLANG_WARN_COMMA = YES;
				CLANG_WARN_CONSTANT_CONVERSION = YES;
				CLANG_WARN_DEPRECATED_OBJC_IMPLEMENTATIONS = YES;
				CLANG_WARN_DIRECT_OBJC_ISA_USAGE = YES_ERROR;
				CLANG_WARN_DOCUMENTATION_COMMENTS = YES;
				CLANG_WARN_EMPTY_BODY = YES;
				CLANG_WARN_ENUM_CONVERSION = YES;
				CLANG_WARN_INFINITE_RECURSION = YES;
				CLANG_WARN_INT_CONVERSION = YES;
				CLANG_WARN_NON_LITERAL_NULL_CONVERSION = YES;
				CLANG_WARN_OBJC_IMPLICIT_RETAIN_SELF = YES;
				CLANG_WARN_OBJC_LITERAL_CONVERSION = YES;
				CLANG_WARN_OBJC_ROOT_CLASS = YES_ERROR;
				CLANG_WARN_RANGE_LOOP_ANALYSIS = YES;
				CLANG_WARN_STRICT_PROTOTYPES = YES;
				CLANG_WARN_SUSPICIOUS_MOVE = YES;
				CLANG_WARN_UNGUARDED_AVAILABILITY = YES_AGGRESSIVE;
				CLANG_WARN_UNREACHABLE_CODE = YES;
				CLANG_WARN__DUPLICATE_METHOD_MATCH = YES;
				CODE_SIGN_IDENTITY = "iPhone Developer";
				COPY_PHASE_STRIP = NO;
				DEBUG_INFORMATION_FORMAT = dwarf;
				ENABLE_STRICT_OBJC_MSGSEND = YES;
				ENABLE_TESTABILITY = YES;
				GCC_C_LANGUAGE_STANDARD = gnu11;
				GCC_DYNAMIC_NO_PIC = NO;
				GCC_NO_COMMON_BLOCKS = YES;
				GCC_OPTIMIZATION_LEVEL = 0;
				GCC_PREPROCESSOR_DEFINITIONS = (
					"DEBUG=1",
					"$(inherited)",
				);
				GCC_WARN_64_TO_32_BIT_CONVERSION = YES;
				GCC_WARN_ABOUT_RETURN_TYPE = YES_ERROR;
				GCC_WARN_UNDECLARED_SELECTOR = YES;
				GCC_WARN_UNINITIALIZED_AUTOS = YES_AGGRESSIVE;
				GCC_WARN_UNUSED_FUNCTION = YES;
				GCC_WARN_UNUSED_VARIABLE = YES;
				IPHONEOS_DEPLOYMENT_TARGET = 12.1;
				MTL_ENABLE_DEBUG_INFO = INCLUDE_SOURCE;
				MTL_FAST_MATH = YES;
				ONLY_ACTIVE_ARCH = YES;
				SDKROOT = iphoneos;
			};
			name = Debug;
		};
		C7B0714E225EE5DD0077D540 /* Release */ = {
			isa = XCBuildConfiguration;
			buildSettings = {
				ALWAYS_SEARCH_USER_PATHS = NO;
				CLANG_ANALYZER_NONNULL = YES;
				CLANG_ANALYZER_NUMBER_OBJECT_CONVERSION = YES_AGGRESSIVE;
				CLANG_CXX_LANGUAGE_STANDARD = "gnu++14";
				CLANG_CXX_LIBRARY = "libc++";
				CLANG_ENABLE_MODULES = YES;
				CLANG_ENABLE_OBJC_ARC = YES;
				CLANG_ENABLE_OBJC_WEAK = YES;
				CLANG_WARN_BLOCK_CAPTURE_AUTORELEASING = YES;
				CLANG_WARN_BOOL_CONVERSION = YES;
				CLANG_WARN_COMMA = YES;
				CLANG_WARN_CONSTANT_CONVERSION = YES;
				CLANG_WARN_DEPRECATED_OBJC_IMPLEMENTATIONS = YES;
				CLANG_WARN_DIRECT_OBJC_ISA_USAGE = YES_ERROR;
				CLANG_WARN_DOCUMENTATION_COMMENTS = YES;
				CLANG_WARN_EMPTY_BODY = YES;
				CLANG_WARN_ENUM_CONVERSION = YES;
				CLANG_WARN_INFINITE_RECURSION = YES;
				CLANG_WARN_INT_CONVERSION = YES;
				CLANG_WARN_NON_LITERAL_NULL_CONVERSION = YES;
				CLANG_WARN_OBJC_IMPLICIT_RETAIN_SELF = YES;
				CLANG_WARN_OBJC_LITERAL_CONVERSION = YES;
				CLANG_WARN_OBJC_ROOT_CLASS = YES_ERROR;
				CLANG_WARN_RANGE_LOOP_ANALYSIS = YES;
				CLANG_WARN_STRICT_PROTOTYPES = YES;
				CLANG_WARN_SUSPICIOUS_MOVE = YES;
				CLANG_WARN_UNGUARDED_AVAILABILITY = YES_AGGRESSIVE;
				CLANG_WARN_UNREACHABLE_CODE = YES;
				CLANG_WARN__DUPLICATE_METHOD_MATCH = YES;
				CODE_SIGN_IDENTITY = "iPhone Developer";
				COPY_PHASE_STRIP = NO;
				DEBUG_INFORMATION_FORMAT = "dwarf-with-dsym";
				ENABLE_NS_ASSERTIONS = NO;
				ENABLE_STRICT_OBJC_MSGSEND = YES;
				GCC_C_LANGUAGE_STANDARD = gnu11;
				GCC_NO_COMMON_BLOCKS = YES;
				GCC_WARN_64_TO_32_BIT_CONVERSION = YES;
				GCC_WARN_ABOUT_RETURN_TYPE = YES_ERROR;
				GCC_WARN_UNDECLARED_SELECTOR = YES;
				GCC_WARN_UNINITIALIZED_AUTOS = YES_AGGRESSIVE;
				GCC_WARN_UNUSED_FUNCTION = YES;
				GCC_WARN_UNUSED_VARIABLE = YES;
				IPHONEOS_DEPLOYMENT_TARGET = 12.1;
				MTL_ENABLE_DEBUG_INFO = NO;
				MTL_FAST_MATH = YES;
				SDKROOT = iphoneos;
				VALIDATE_PRODUCT = YES;
			};
			name = Release;
		};
		C7B07150225EE5DD0077D540 /* Debug */ = {
			isa = XCBuildConfiguration;
			buildSettings = {
				ASSETCATALOG_COMPILER_APPICON_NAME = AppIcon;
				CODE_SIGN_STYLE = Automatic;
				INFOPLIST_FILE = LineDemo/Info.plist;
				LD_RUNPATH_SEARCH_PATHS = (
					"$(inherited)",
					"@executable_path/Frameworks",
				);
				PRODUCT_BUNDLE_IDENTIFIER = xiaoyaoknight.LineDemo;
				PRODUCT_NAME = "$(TARGET_NAME)";
				TARGETED_DEVICE_FAMILY = "1,2";
			};
			name = Debug;
		};
		C7B07151225EE5DD0077D540 /* Release */ = {
			isa = XCBuildConfiguration;
			buildSettings = {
				ASSETCATALOG_COMPILER_APPICON_NAME = AppIcon;
				CODE_SIGN_STYLE = Automatic;
				INFOPLIST_FILE = LineDemo/Info.plist;
				LD_RUNPATH_SEARCH_PATHS = (
					"$(inherited)",
					"@executable_path/Frameworks",
				);
				PRODUCT_BUNDLE_IDENTIFIER = xiaoyaoknight.LineDemo;
				PRODUCT_NAME = "$(TARGET_NAME)";
				TARGETED_DEVICE_FAMILY = "1,2";
			};
			name = Release;
		};
		C7B07153225EE5DD0077D540 /* Debug */ = {
			isa = XCBuildConfiguration;
			buildSettings = {
				BUNDLE_LOADER = "$(TEST_HOST)";
				CODE_SIGN_STYLE = Automatic;
				INFOPLIST_FILE = LineDemoTests/Info.plist;
				LD_RUNPATH_SEARCH_PATHS = (
					"$(inherited)",
					"@executable_path/Frameworks",
					"@loader_path/Frameworks",
				);
				PRODUCT_BUNDLE_IDENTIFIER = xiaoyaoknight.LineDemoTests;
				PRODUCT_NAME = "$(TARGET_NAME)";
				TARGETED_DEVICE_FAMILY = "1,2";
				TEST_HOST = "$(BUILT_PRODUCTS_DIR)/LineDemo.app/LineDemo";
			};
			name = Debug;
		};
		C7B07154225EE5DD0077D540 /* Release */ = {
			isa = XCBuildConfiguration;
			buildSettings = {
				BUNDLE_LOADER = "$(TEST_HOST)";
				CODE_SIGN_STYLE = Automatic;
				INFOPLIST_FILE = LineDemoTests/Info.plist;
				LD_RUNPATH_SEARCH_PATHS = (
					"$(inherited)",
					"@executable_path/Frameworks",
					"@loader_path/Frameworks",
				);
				PRODUCT_BUNDLE_IDENTIFIER = xiaoyaoknight.LineDemoTests;
				PRODUCT_NAME = "$(TARGET_NAME)";
				TARGETED_DEVICE_FAMILY = "1,2";
				TEST_HOST = "$(BUILT_PRODUCTS_DIR)/LineDemo.app/LineDemo";
			};
			name = Release;
		};
		C7B07156225EE5DD0077D540 /* Debug */ = {
			isa = XCBuildConfiguration;
			buildSettings = {
				CODE_SIGN_STYLE = Automatic;
				INFOPLIST_FILE = LineDemoUITests/Info.plist;
				LD_RUNPATH_SEARCH_PATHS = (
					"$(inherited)",
					"@executable_path/Frameworks",
					"@loader_path/Frameworks",
				);
				PRODUCT_BUNDLE_IDENTIFIER = xiaoyaoknight.LineDemoUITests;
				PRODUCT_NAME = "$(TARGET_NAME)";
				TARGETED_DEVICE_FAMILY = "1,2";
				TEST_TARGET_NAME = LineDemo;
			};
			name = Debug;
		};
		C7B07157225EE5DD0077D540 /* Release */ = {
			isa = XCBuildConfiguration;
			buildSettings = {
				CODE_SIGN_STYLE = Automatic;
				INFOPLIST_FILE = LineDemoUITests/Info.plist;
				LD_RUNPATH_SEARCH_PATHS = (
					"$(inherited)",
					"@executable_path/Frameworks",
					"@loader_path/Frameworks",
				);
				PRODUCT_BUNDLE_IDENTIFIER = xiaoyaoknight.LineDemoUITests;
				PRODUCT_NAME = "$(TARGET_NAME)";
				TARGETED_DEVICE_FAMILY = "1,2";
				TEST_TARGET_NAME = LineDemo;
			};
			name = Release;
		};
/* End XCBuildConfiguration section */

/* Begin XCConfigurationList section */
		C7B0711E225EE5DB0077D540 /* Build configuration list for PBXProject "LineDemo" */ = {
			isa = XCConfigurationList;
			buildConfigurations = (
				C7B0714D225EE5DD0077D540 /* Debug */,
				C7B0714E225EE5DD0077D540 /* Release */,
			);
			defaultConfigurationIsVisible = 0;
			defaultConfigurationName = Release;
		};
		C7B0714F225EE5DD0077D540 /* Build configuration list for PBXNativeTarget "LineDemo" */ = {
			isa = XCConfigurationList;
			buildConfigurations = (
				C7B07150225EE5DD0077D540 /* Debug */,
				C7B07151225EE5DD0077D540 /* Release */,
			);
			defaultConfigurationIsVisible = 0;
			defaultConfigurationName = Release;
		};
		C7B07152225EE5DD0077D540 /* Build configuration list for PBXNativeTarget "LineDemoTests" */ = {
			isa = XCConfigurationList;
			buildConfigurations = (
				C7B07153225EE5DD0077D540 /* Debug */,
				C7B07154225EE5DD0077D540 /* Release */,
			);
			defaultConfigurationIsVisible = 0;
			defaultConfigurationName = Release;
		};
		C7B07155225EE5DD0077D540 /* Build configuration list for PBXNativeTarget "LineDemoUITests" */ = {
			isa = XCConfigurationList;
			buildConfigurations = (
				C7B07156225EE5DD0077D540 /* Debug */,
				C7B07157225EE5DD0077D540 /* Release */,
			);
			defaultConfigurationIsVisible = 0;
			defaultConfigurationName = Release;
		};
/* End XCConfigurationList section */
	};
	rootObject = C7B0711B225EE5DB0077D540 /* Project object */;
}
